/athena/cayuga_0040/scratch/ard4008/projects/hartwig/src/mutation_rate_rf_model/aux_files/sra_repliseq_data/results/HMEC_repliseq.h5
/athena/cayuga_0040/scratch/ard4008/projects/hartwig/src/mutation_rate_rf_model/aux_files/sra_repliseq_data/results/SRR28552528_G1.perbase.cov
/athena/cayuga_0040/scratch/ard4008/projects/hartwig/src/mutation_rate_rf_model/aux_files/sra_repliseq_data/results/SRR28552525_Late.perbase.cov
/athena/cayuga_0040/scratch/ard4008/projects/hartwig/src/mutation_rate_rf_model/aux_files/sra_repliseq_data/results/SRR28552526_Early.perbase.cov
/athena/cayuga_0040/scratch/ard4008/projects/hartwig/src/mutation_rate_rf_model/aux_files/sra_repliseq_data/results/SRR28552528_G1.filtered.bam
/athena/cayuga_0040/scratch/ard4008/projects/hartwig/src/mutation_rate_rf_model/aux_files/sra_repliseq_data/results/SRR28552528_G1.bam
/athena/cayuga_0040/scratch/ard4008/projects/hartwig/src/mutation_rate_rf_model/aux_files/sra_repliseq_data/results/SRR28552528_G1_R1.trim.fastq.gz
/athena/cayuga_0040/scratch/ard4008/projects/hartwig/src/mutation_rate_rf_model/aux_files/sra_repliseq_data/results/SRR28552528_G1_R2.trim.fastq.gz
fastq_dir/SRR28552528_S1_L001_R1_001.fastq.gz
fastq_dir/SRR28552528_S1_L001_R3_001.fastq.gz
/athena/cayuga_0040/scratch/ard4008/projects/hartwig/src/mutation_rate_rf_model/aux_files/sra_repliseq_data/results/SRR28552525_Late.filtered.bam
/athena/cayuga_0040/scratch/ard4008/projects/hartwig/src/mutation_rate_rf_model/aux_files/sra_repliseq_data/results/SRR28552525_Late.bam
/athena/cayuga_0040/scratch/ard4008/projects/hartwig/src/mutation_rate_rf_model/aux_files/sra_repliseq_data/results/SRR28552525_Late_R1.trim.fastq.gz
/athena/cayuga_0040/scratch/ard4008/projects/hartwig/src/mutation_rate_rf_model/aux_files/sra_repliseq_data/results/SRR28552525_Late_R2.trim.fastq.gz
fastq_dir/SRR28552525_S1_L001_R1_001.fastq.gz
fastq_dir/SRR28552525_S1_L001_R3_001.fastq.gz
/athena/cayuga_0040/scratch/ard4008/projects/hartwig/src/mutation_rate_rf_model/aux_files/sra_repliseq_data/results/SRR28552526_Early.filtered.bam
/athena/cayuga_0040/scratch/ard4008/projects/hartwig/src/mutation_rate_rf_model/aux_files/sra_repliseq_data/results/SRR28552526_Early.bam
/athena/cayuga_0040/scratch/ard4008/projects/hartwig/src/mutation_rate_rf_model/aux_files/sra_repliseq_data/results/SRR28552526_Early_R1.trim.fastq.gz
/athena/cayuga_0040/scratch/ard4008/projects/hartwig/src/mutation_rate_rf_model/aux_files/sra_repliseq_data/results/SRR28552526_Early_R2.trim.fastq.gz
fastq_dir/SRR28552526_S1_L001_R1_001.fastq.gz
fastq_dir/SRR28552526_S1_L001_R3_001.fastq.gz
